// !$*UTF8*$!
{
	archiveVersion = 1;
	classes = {
	};
	objectVersion = 46;
	objects = {

/* Begin PBXBuildFile section */
		4EF01EE81D7FADB700FBF07B /* main.m in Sources */ = {isa = PBXBuildFile; fileRef = 4EF01EE71D7FADB700FBF07B /* main.m */; };
		4EF01EEB1D7FADB700FBF07B /* AppDelegate.m in Sources */ = {isa = PBXBuildFile; fileRef = 4EF01EEA1D7FADB700FBF07B /* AppDelegate.m */; };
		4EF01EEE1D7FADB700FBF07B /* ViewController.m in Sources */ = {isa = PBXBuildFile; fileRef = 4EF01EED1D7FADB700FBF07B /* ViewController.m */; };
		4EF01EF11D7FADB700FBF07B /* Main.storyboard in Resources */ = {isa = PBXBuildFile; fileRef = 4EF01EEF1D7FADB700FBF07B /* Main.storyboard */; };
		4EF01EF31D7FADB700FBF07B /* Assets.xcassets in Resources */ = {isa = PBXBuildFile; fileRef = 4EF01EF21D7FADB700FBF07B /* Assets.xcassets */; };
		4EF01EF61D7FADB700FBF07B /* LaunchScreen.storyboard in Resources */ = {isa = PBXBuildFile; fileRef = 4EF01EF41D7FADB700FBF07B /* LaunchScreen.storyboard */; };
		4EF01F011D7FADB700FBF07B /* weeTests.m in Sources */ = {isa = PBXBuildFile; fileRef = 4EF01F001D7FADB700FBF07B /* weeTests.m */; };
		4EF01F0C1D7FADB700FBF07B /* weeUITests.m in Sources */ = {isa = PBXBuildFile; fileRef = 4EF01F0B1D7FADB700FBF07B /* weeUITests.m */; };
/* End PBXBuildFile section */

/* Begin PBXContainerItemProxy section */
		4EF01EFD1D7FADB700FBF07B /* PBXContainerItemProxy */ = {
			isa = PBXContainerItemProxy;
			containerPortal = 4EF01EDB1D7FADB700FBF07B /* Project object */;
			proxyType = 1;
			remoteGlobalIDString = 4EF01EE21D7FADB700FBF07B;
			remoteInfo = wee;
		};
		4EF01F081D7FADB700FBF07B /* PBXContainerItemProxy */ = {
			isa = PBXContainerItemProxy;
			containerPortal = 4EF01EDB1D7FADB700FBF07B /* Project object */;
			proxyType = 1;
			remoteGlobalIDString = 4EF01EE21D7FADB700FBF07B;
			remoteInfo = wee;
		};
/* End PBXContainerItemProxy section */

/* Begin PBXFileReference section */
		4EF01EE31D7FADB700FBF07B /* wee.app */ = {isa = PBXFileReference; explicitFileType = wrapper.application; includeInIndex = 0; path = wee.app; sourceTree = BUILT_PRODUCTS_DIR; };
		4EF01EE71D7FADB700FBF07B /* main.m */ = {isa = PBXFileReference; lastKnownFileType = sourcecode.c.objc; path = main.m; sourceTree = "<group>"; };
		4EF01EE91D7FADB700FBF07B /* AppDelegate.h */ = {isa = PBXFileReference; lastKnownFileType = sourcecode.c.h; path = AppDelegate.h; sourceTree = "<group>"; };
		4EF01EEA1D7FADB700FBF07B /* AppDelegate.m */ = {isa = PBXFileReference; lastKnownFileType = sourcecode.c.objc; path = AppDelegate.m; sourceTree = "<group>"; };
		4EF01EEC1D7FADB700FBF07B /* ViewController.h */ = {isa = PBXFileReference; lastKnownFileType = sourcecode.c.h; path = ViewController.h; sourceTree = "<group>"; };
		4EF01EED1D7FADB700FBF07B /* ViewController.m */ = {isa = PBXFileReference; lastKnownFileType = sourcecode.c.objc; path = ViewController.m; sourceTree = "<group>"; };
		4EF01EF01D7FADB700FBF07B /* Base */ = {isa = PBXFileReference; lastKnownFileType = file.storyboard; name = Base; path = Base.lproj/Main.storyboard; sourceTree = "<group>"; };
		4EF01EF21D7FADB700FBF07B /* Assets.xcassets */ = {isa = PBXFileReference; lastKnownFileType = folder.assetcatalog; path = Assets.xcassets; sourceTree = "<group>"; };
		4EF01EF51D7FADB700FBF07B /* Base */ = {isa = PBXFileReference; lastKnownFileType = file.storyboard; name = Base; path = Base.lproj/LaunchScreen.storyboard; sourceTree = "<group>"; };
		4EF01EF71D7FADB700FBF07B /* Info.plist */ = {isa = PBXFileReference; lastKnownFileType = text.plist.xml; path = Info.plist; sourceTree = "<group>"; };
		4EF01EFC1D7FADB700FBF07B /* weeTests.xctest */ = {isa = PBXFileReference; explicitFileType = wrapper.cfbundle; includeInIndex = 0; path = weeTests.xctest; sourceTree = BUILT_PRODUCTS_DIR; };
		4EF01F001D7FADB700FBF07B /* weeTests.m */ = {isa = PBXFileReference; lastKnownFileType = sourcecode.c.objc; path = weeTests.m; sourceTree = "<group>"; };
		4EF01F021D7FADB700FBF07B /* Info.plist */ = {isa = PBXFileReference; lastKnownFileType = text.plist.xml; path = Info.plist; sourceTree = "<group>"; };
		4EF01F071D7FADB700FBF07B /* weeUITests.xctest */ = {isa = PBXFileReference; explicitFileType = wrapper.cfbundle; includeInIndex = 0; path = weeUITests.xctest; sourceTree = BUILT_PRODUCTS_DIR; };
		4EF01F0B1D7FADB700FBF07B /* weeUITests.m */ = {isa = PBXFileReference; lastKnownFileType = sourcecode.c.objc; path = weeUITests.m; sourceTree = "<group>"; };
		4EF01F0D1D7FADB700FBF07B /* Info.plist */ = {isa = PBXFileReference; lastKnownFileType = text.plist.xml; path = Info.plist; sourceTree = "<group>"; };
/* End PBXFileReference section */

/* Begin PBXFrameworksBuildPhase section */
		4EF01EE01D7FADB700FBF07B /* Frameworks */ = {
			isa = PBXFrameworksBuildPhase;
			buildActionMask = 2147483647;
			files = (
			);
			runOnlyForDeploymentPostprocessing = 0;
		};
		4EF01EF91D7FADB700FBF07B /* Frameworks */ = {
			isa = PBXFrameworksBuildPhase;
			buildActionMask = 2147483647;
			files = (
			);
			runOnlyForDeploymentPostprocessing = 0;
		};
		4EF01F041D7FADB700FBF07B /* Frameworks */ = {
			isa = PBXFrameworksBuildPhase;
			buildActionMask = 2147483647;
			files = (
			);
			runOnlyForDeploymentPostprocessing = 0;
		};
/* End PBXFrameworksBuildPhase section */

/* Begin PBXGroup section */
		4EF01EDA1D7FADB700FBF07B = {
			isa = PBXGroup;
			children = (
				4EF01EE51D7FADB700FBF07B /* wee */,
				4EF01EFF1D7FADB700FBF07B /* weeTests */,
				4EF01F0A1D7FADB700FBF07B /* weeUITests */,
				4EF01EE41D7FADB700FBF07B /* Products */,
			);
			sourceTree = "<group>";
		};
		4EF01EE41D7FADB700FBF07B /* Products */ = {
			isa = PBXGroup;
			children = (
				4EF01EE31D7FADB700FBF07B /* wee.app */,
				4EF01EFC1D7FADB700FBF07B /* weeTests.xctest */,
				4EF01F071D7FADB700FBF07B /* weeUITests.xctest */,
			);
			name = Products;
			sourceTree = "<group>";
		};
		4EF01EE51D7FADB700FBF07B /* wee */ = {
			isa = PBXGroup;
			children = (
				4EF01EE91D7FADB700FBF07B /* AppDelegate.h */,
				4EF01EEA1D7FADB700FBF07B /* AppDelegate.m */,
				4EF01EEC1D7FADB700FBF07B /* ViewController.h */,
				4EF01EED1D7FADB700FBF07B /* ViewController.m */,
				4EF01EEF1D7FADB700FBF07B /* Main.storyboard */,
				4EF01EF21D7FADB700FBF07B /* Assets.xcassets */,
				4EF01EF41D7FADB700FBF07B /* LaunchScreen.storyboard */,
				4EF01EF71D7FADB700FBF07B /* Info.plist */,
				4EF01EE61D7FADB700FBF07B /* Supporting Files */,
			);
			path = wee;
			sourceTree = "<group>";
		};
		4EF01EE61D7FADB700FBF07B /* Supporting Files */ = {
			isa = PBXGroup;
			children = (
				4EF01EE71D7FADB700FBF07B /* main.m */,
			);
			name = "Supporting Files";
			sourceTree = "<group>";
		};
		4EF01EFF1D7FADB700FBF07B /* weeTests */ = {
			isa = PBXGroup;
			children = (
				4EF01F001D7FADB700FBF07B /* weeTests.m */,
				4EF01F021D7FADB700FBF07B /* Info.plist */,
			);
			path = weeTests;
			sourceTree = "<group>";
		};
		4EF01F0A1D7FADB700FBF07B /* weeUITests */ = {
			isa = PBXGroup;
			children = (
				4EF01F0B1D7FADB700FBF07B /* weeUITests.m */,
				4EF01F0D1D7FADB700FBF07B /* Info.plist */,
			);
			path = weeUITests;
			sourceTree = "<group>";
		};
/* End PBXGroup section */

/* Begin PBXNativeTarget section */
		4EF01EE21D7FADB700FBF07B /* wee */ = {
			isa = PBXNativeTarget;
			buildConfigurationList = 4EF01F101D7FADB700FBF07B /* Build configuration list for PBXNativeTarget "wee" */;
			buildPhases = (
				4EF01EDF1D7FADB700FBF07B /* Sources */,
				4EF01EE01D7FADB700FBF07B /* Frameworks */,
				4EF01EE11D7FADB700FBF07B /* Resources */,
			);
			buildRules = (
			);
			dependencies = (
			);
			name = wee;
			productName = wee;
			productReference = 4EF01EE31D7FADB700FBF07B /* wee.app */;
			productType = "com.apple.product-type.application";
		};
		4EF01EFB1D7FADB700FBF07B /* weeTests */ = {
			isa = PBXNativeTarget;
			buildConfigurationList = 4EF01F131D7FADB700FBF07B /* Build configuration list for PBXNativeTarget "weeTests" */;
			buildPhases = (
				4EF01EF81D7FADB700FBF07B /* Sources */,
				4EF01EF91D7FADB700FBF07B /* Frameworks */,
				4EF01EFA1D7FADB700FBF07B /* Resources */,
			);
			buildRules = (
			);
			dependencies = (
				4EF01EFE1D7FADB700FBF07B /* PBXTargetDependency */,
			);
			name = weeTests;
			productName = weeTests;
			productReference = 4EF01EFC1D7FADB700FBF07B /* weeTests.xctest */;
			productType = "com.apple.product-type.bundle.unit-test";
		};
		4EF01F061D7FADB700FBF07B /* weeUITests */ = {
			isa = PBXNativeTarget;
			buildConfigurationList = 4EF01F161D7FADB700FBF07B /* Build configuration list for PBXNativeTarget "weeUITests" */;
			buildPhases = (
				4EF01F031D7FADB700FBF07B /* Sources */,
				4EF01F041D7FADB700FBF07B /* Frameworks */,
				4EF01F051D7FADB700FBF07B /* Resources */,
			);
			buildRules = (
			);
			dependencies = (
				4EF01F091D7FADB700FBF07B /* PBXTargetDependency */,
			);
			name = weeUITests;
			productName = weeUITests;
			productReference = 4EF01F071D7FADB700FBF07B /* weeUITests.xctest */;
			productType = "com.apple.product-type.bundle.ui-testing";
		};
/* End PBXNativeTarget section */

/* Begin PBXProject section */
		4EF01EDB1D7FADB700FBF07B /* Project object */ = {
			isa = PBXProject;
			attributes = {
				LastUpgradeCheck = 0730;
				ORGANIZATIONNAME = 1;
				TargetAttributes = {
					4EF01EE21D7FADB700FBF07B = {
						CreatedOnToolsVersion = 7.3.1;
					};
					4EF01EFB1D7FADB700FBF07B = {
						CreatedOnToolsVersion = 7.3.1;
						TestTargetID = 4EF01EE21D7FADB700FBF07B;
					};
					4EF01F061D7FADB700FBF07B = {
						CreatedOnToolsVersion = 7.3.1;
						TestTargetID = 4EF01EE21D7FADB700FBF07B;
					};
				};
			};
			buildConfigurationList = 4EF01EDE1D7FADB700FBF07B /* Build configuration list for PBXProject "wee" */;
			compatibilityVersion = "Xcode 3.2";
			developmentRegion = English;
			hasScannedForEncodings = 0;
			knownRegions = (
				en,
				Base,
			);
			mainGroup = 4EF01EDA1D7FADB700FBF07B;
			productRefGroup = 4EF01EE41D7FADB700FBF07B /* Products */;
			projectDirPath = "";
			projectRoot = "";
			targets = (
				4EF01EE21D7FADB700FBF07B /* wee */,
				4EF01EFB1D7FADB700FBF07B /* weeTests */,
				4EF01F061D7FADB700FBF07B /* weeUITests */,
			);
		};
/* End PBXProject section */

/* Begin PBXResourcesBuildPhase section */
		4EF01EE11D7FADB700FBF07B /* Resources */ = {
			isa = PBXResourcesBuildPhase;
			buildActionMask = 2147483647;
			files = (
				4EF01EF61D7FADB700FBF07B /* LaunchScreen.storyboard in Resources */,
				4EF01EF31D7FADB700FBF07B /* Assets.xcassets in Resources */,
				4EF01EF11D7FADB700FBF07B /* Main.storyboard in Resources */,
			);
			runOnlyForDeploymentPostprocessing = 0;
		};
		4EF01EFA1D7FADB700FBF07B /* Resources */ = {
			isa = PBXResourcesBuildPhase;
			buildActionMask = 2147483647;
			files = (
			);
			runOnlyForDeploymentPostprocessing = 0;
		};
		4EF01F051D7FADB700FBF07B /* Resources */ = {
			isa = PBXResourcesBuildPhase;
			buildActionMask = 2147483647;
			files = (
			);
			runOnlyForDeploymentPostprocessing = 0;
		};
/* End PBXResourcesBuildPhase section */

/* Begin PBXSourcesBuildPhase section */
		4EF01EDF1D7FADB700FBF07B /* Sources */ = {
			isa = PBXSourcesBuildPhase;
			buildActionMask = 2147483647;
			files = (
				4EF01EEE1D7FADB700FBF07B /* ViewController.m in Sources */,
				4EF01EEB1D7FADB700FBF07B /* AppDelegate.m in Sources */,
				4EF01EE81D7FADB700FBF07B /* main.m in Sources */,
			);
			runOnlyForDeploymentPostprocessing = 0;
		};
		4EF01EF81D7FADB700FBF07B /* Sources */ = {
			isa = PBXSourcesBuildPhase;
			buildActionMask = 2147483647;
			files = (
				4EF01F011D7FADB700FBF07B /* weeTests.m in Sources */,
			);
			runOnlyForDeploymentPostprocessing = 0;
		};
		4EF01F031D7FADB700FBF07B /* Sources */ = {
			isa = PBXSourcesBuildPhase;
			buildActionMask = 2147483647;
			files = (
				4EF01F0C1D7FADB700FBF07B /* weeUITests.m in Sources */,
			);
			runOnlyForDeploymentPostprocessing = 0;
		};
/* End PBXSourcesBuildPhase section */

/* Begin PBXTargetDependency section */
		4EF01EFE1D7FADB700FBF07B /* PBXTargetDependency */ = {
			isa = PBXTargetDependency;
			target = 4EF01EE21D7FADB700FBF07B /* wee */;
			targetProxy = 4EF01EFD1D7FADB700FBF07B /* PBXContainerItemProxy */;
		};
		4EF01F091D7FADB700FBF07B /* PBXTargetDependency */ = {
			isa = PBXTargetDependency;
			target = 4EF01EE21D7FADB700FBF07B /* wee */;
			targetProxy = 4EF01F081D7FADB700FBF07B /* PBXContainerItemProxy */;
		};
/* End PBXTargetDependency section */

/* Begin PBXVariantGroup section */
		4EF01EEF1D7FADB700FBF07B /* Main.storyboard */ = {
			isa = PBXVariantGroup;
			children = (
				4EF01EF01D7FADB700FBF07B /* Base */,
			);
			name = Main.storyboard;
			sourceTree = "<group>";
		};
		4EF01EF41D7FADB700FBF07B /* LaunchScreen.storyboard */ = {
			isa = PBXVariantGroup;
			children = (
				4EF01EF51D7FADB700FBF07B /* Base */,
			);
			name = LaunchScreen.storyboard;
			sourceTree = "<group>";
		};
/* End PBXVariantGroup section */

/* Begin XCBuildConfiguration section */
		4EF01F0E1D7FADB700FBF07B /* Debug */ = {
			isa = XCBuildConfiguration;
			buildSettings = {
				ALWAYS_SEARCH_USER_PATHS = NO;
				CLANG_ANALYZER_NONNULL = YES;
				CLANG_CXX_LANGUAGE_STANDARD = "gnu++0x";
				CLANG_CXX_LIBRARY = "libc++";
				CLANG_ENABLE_MODULES = YES;
				CLANG_ENABLE_OBJC_ARC = YES;
				CLANG_WARN_BOOL_CONVERSION = YES;
				CLANG_WARN_CONSTANT_CONVERSION = YES;
				CLANG_WARN_DIRECT_OBJC_ISA_USAGE = YES_ERROR;
				CLANG_WARN_EMPTY_BODY = YES;
				CLANG_WARN_ENUM_CONVERSION = YES;
				CLANG_WARN_INT_CONVERSION = YES;
				CLANG_WARN_OBJC_ROOT_CLASS = YES_ERROR;
				CLANG_WARN_UNREACHABLE_CODE = YES;
				CLANG_WARN__DUPLICATE_METHOD_MATCH = YES;
				"CODE_SIGN_IDENTITY[sdk=iphoneos*]" = "iPhone Developer";
				COPY_PHASE_STRIP = NO;
				DEBUG_INFORMATION_FORMAT = dwarf;
				ENABLE_STRICT_OBJC_MSGSEND = YES;
				ENABLE_TESTABILITY = YES;
				GCC_C_LANGUAGE_STANDARD = gnu99;
				GCC_DYNAMIC_NO_PIC = NO;
				GCC_NO_COMMON_BLOCKS = YES;
				GCC_OPTIMIZATION_LEVEL = 0;
				GCC_PREPROCESSOR_DEFINITIONS = (
					"DEBUG=1",
					"$(inherited)",
				);
				GCC_WARN_64_TO_32_BIT_CONVERSION = YES;
				GCC_WARN_ABOUT_RETURN_TYPE = YES_ERROR;
				GCC_WARN_UNDECLARED_SELECTOR = YES;
				GCC_WARN_UNINITIALIZED_AUTOS = YES_AGGRESSIVE;
				GCC_WARN_UNUSED_FUNCTION = YES;
				GCC_WARN_UNUSED_VARIABLE = YES;
				IPHONEOS_DEPLOYMENT_TARGET = 9.3;
				MTL_ENABLE_DEBUG_INFO = YES;
				ONLY_ACTIVE_ARCH = YES;
				SDKROOT = iphoneos;
				TARGETED_DEVICE_FAMILY = "1,2";
			};
			name = Debug;
		};
		4EF01F0F1D7FADB700FBF07B /* Release */ = {
			isa = XCBuildConfiguration;
			buildSettings = {
				ALWAYS_SEARCH_USER_PATHS = NO;
				CLANG_ANALYZER_NONNULL = YES;
				CLANG_CXX_LANGUAGE_STANDARD = "gnu++0x";
				CLANG_CXX_LIBRARY = "libc++";
				CLANG_ENABLE_MODULES = YES;
				CLANG_ENABLE_OBJC_ARC = YES;
				CLANG_WARN_BOOL_CONVERSION = YES;
				CLANG_WARN_CONSTANT_CONVERSION = YES;
				CLANG_WARN_DIRECT_OBJC_ISA_USAGE = YES_ERROR;
				CLANG_WARN_EMPTY_BODY = YES;
				CLANG_WARN_ENUM_CONVERSION = YES;
				CLANG_WARN_INT_CONVERSION = YES;
				CLANG_WARN_OBJC_ROOT_CLASS = YES_ERROR;
				CLANG_WARN_UNREACHABLE_CODE = YES;
				CLANG_WARN__DUPLICATE_METHOD_MATCH = YES;
				"CODE_SIGN_IDENTITY[sdk=iphoneos*]" = "iPhone Developer";
				COPY_PHASE_STRIP = NO;
				DEBUG_INFORMATION_FORMAT = "dwarf-with-dsym";
				ENABLE_NS_ASSERTIONS = NO;
				ENABLE_STRICT_OBJC_MSGSEND = YES;
				GCC_C_LANGUAGE_STANDARD = gnu99;
				GCC_NO_COMMON_BLOCKS = YES;
				GCC_WARN_64_TO_32_BIT_CONVERSION = YES;
				GCC_WARN_ABOUT_RETURN_TYPE = YES_ERROR;
				GCC_WARN_UNDECLARED_SELECTOR = YES;
				GCC_WARN_UNINITIALIZED_AUTOS = YES_AGGRESSIVE;
				GCC_WARN_UNUSED_FUNCTION = YES;
				GCC_WARN_UNUSED_VARIABLE = YES;
				IPHONEOS_DEPLOYMENT_TARGET = 9.3;
				MTL_ENABLE_DEBUG_INFO = NO;
				SDKROOT = iphoneos;
				TARGETED_DEVICE_FAMILY = "1,2";
				VALIDATE_PRODUCT = YES;
			};
			name = Release;
		};
		4EF01F111D7FADB700FBF07B /* Debug */ = {
			isa = XCBuildConfiguration;
			buildSettings = {
				ASSETCATALOG_COMPILER_APPICON_NAME = AppIcon;
				INFOPLIST_FILE = wee/Info.plist;
				LD_RUNPATH_SEARCH_PATHS = "$(inherited) @executable_path/Frameworks";
				PRODUCT_BUNDLE_IDENTIFIER = com.cat.wee;
				PRODUCT_NAME = "$(TARGET_NAME)";
			};
			name = Debug;
		};
		4EF01F121D7FADB700FBF07B /* Release */ = {
			isa = XCBuildConfiguration;
			buildSettings = {
				ASSETCATALOG_COMPILER_APPICON_NAME = AppIcon;
				INFOPLIST_FILE = wee/Info.plist;
				LD_RUNPATH_SEARCH_PATHS = "$(inherited) @executable_path/Frameworks";
				PRODUCT_BUNDLE_IDENTIFIER = com.cat.wee;
				PRODUCT_NAME = "$(TARGET_NAME)";
			};
			name = Release;
		};
		4EF01F141D7FADB700FBF07B /* Debug */ = {
			isa = XCBuildConfiguration;
			buildSettings = {
				BUNDLE_LOADER = "$(TEST_HOST)";
				INFOPLIST_FILE = weeTests/Info.plist;
				LD_RUNPATH_SEARCH_PATHS = "$(inherited) @executable_path/Frameworks @loader_path/Frameworks";
				PRODUCT_BUNDLE_IDENTIFIER = com.cat.weeTests;
				PRODUCT_NAME = "$(TARGET_NAME)";
				TEST_HOST = "$(BUILT_PRODUCTS_DIR)/wee.app/wee";
			};
			name = Debug;
		};
		4EF01F151D7FADB700FBF07B /* Release */ = {
			isa = XCBuildConfiguration;
			buildSettings = {
				BUNDLE_LOADER = "$(TEST_HOST)";
				INFOPLIST_FILE = weeTests/Info.plist;
				LD_RUNPATH_SEARCH_PATHS = "$(inherited) @executable_path/Frameworks @loader_path/Frameworks";
				PRODUCT_BUNDLE_IDENTIFIER = com.cat.weeTests;
				PRODUCT_NAME = "$(TARGET_NAME)";
				TEST_HOST = "$(BUILT_PRODUCTS_DIR)/wee.app/wee";
			};
			name = Release;
		};
		4EF01F171D7FADB700FBF07B /* Debug */ = {
			isa = XCBuildConfiguration;
			buildSettings = {
				INFOPLIST_FILE = weeUITests/Info.plist;
				LD_RUNPATH_SEARCH_PATHS = "$(inherited) @executable_path/Frameworks @loader_path/Frameworks";
				PRODUCT_BUNDLE_IDENTIFIER = com.cat.weeUITests;
				PRODUCT_NAME = "$(TARGET_NAME)";
				TEST_TARGET_NAME = wee;
			};
			name = Debug;
		};
		4EF01F181D7FADB700FBF07B /* Release */ = {
			isa = XCBuildConfiguration;
			buildSettings = {
				INFOPLIST_FILE = weeUITests/Info.plist;
				LD_RUNPATH_SEARCH_PATHS = "$(inherited) @executable_path/Frameworks @loader_path/Frameworks";
				PRODUCT_BUNDLE_IDENTIFIER = com.cat.weeUITests;
				PRODUCT_NAME = "$(TARGET_NAME)";
				TEST_TARGET_NAME = wee;
			};
			name = Release;
		};
/* End XCBuildConfiguration section */

/* Begin XCConfigurationList section */
		4EF01EDE1D7FADB700FBF07B /* Build configuration list for PBXProject "wee" */ = {
			isa = XCConfigurationList;
			buildConfigurations = (
				4EF01F0E1D7FADB700FBF07B /* Debug */,
				4EF01F0F1D7FADB700FBF07B /* Release */,
			);
			defaultConfigurationIsVisible = 0;
			defaultConfigurationName = Release;
		};
		4EF01F101D7FADB700FBF07B /* Build configuration list for PBXNativeTarget "wee" */ = {
			isa = XCConfigurationList;
			buildConfigurations = (
				4EF01F111D7FADB700FBF07B /* Debug */,
				4EF01F121D7FADB700FBF07B /* Release */,
			);
			defaultConfigurationIsVisible = 0;
		};
		4EF01F131D7FADB700FBF07B /* Build configuration list for PBXNativeTarget "weeTests" */ = {
			isa = XCConfigurationList;
			buildConfigurations = (
				4EF01F141D7FADB700FBF07B /* Debug */,
				4EF01F151D7FADB700FBF07B /* Release */,
			);
			defaultConfigurationIsVisible = 0;
		};
		4EF01F161D7FADB700FBF07B /* Build configuration list for PBXNativeTarget "weeUITests" */ = {
			isa = XCConfigurationList;
			buildConfigurations = (
				4EF01F171D7FADB700FBF07B /* Debug */,
				4EF01F181D7FADB700FBF07B /* Release */,
			);
			defaultConfigurationIsVisible = 0;
		};
/* End XCConfigurationList section */
	};
	rootObject = 4EF01EDB1D7FADB700FBF07B /* Project object */;
}
